
Microsoft Visual Studio Solution File, Format Version 12.00
# Visual Studio Version 17
VisualStudioVersion = 17.12.35527.113
MinimumVisualStudioVersion = 10.0.40219.1
Project("{FAE04EC0-301F-11D3-BF4B-00C04F79EFBC}") = "FBC.Devices", "FBC.Devices\FBC.Devices.csproj", "{636B69AD-F139-4A09-81C5-4059A572C791}"
EndProject
Global
	GlobalSection(SolutionConfigurationPlatforms) = preSolution
		Debug|Any CPU = Debug|Any CPU
		Release|Any CPU = Release|Any CPU
	EndGlobalSection
	GlobalSection(ProjectConfigurationPlatforms) = postSolution
		{636B69AD-F139-4A09-81C5-4059A572C791}.Debug|Any CPU.ActiveCfg = Debug|Any CPU
		{636B69AD-F139-4A09-81C5-4059A572C791}.Debug|Any CPU.Build.0 = Debug|Any CPU
		{636B69AD-F139-4A09-81C5-4059A572C791}.Release|Any CPU.ActiveCfg = Release|Any CPU
		{636B69AD-F139-4A09-81C5-4059A572C791}.Release|Any CPU.Build.0 = Release|Any CPU
	EndGlobalSection
	GlobalSection(SolutionProperties) = preSolution
		HideSolutionNode = FALSE
	EndGlobalSection
	GlobalSection(ExtensibilityGlobals) = postSolution
		SolutionGuid = {B3DE679D-232A-492C-8346-DF306F0D5701}
	EndGlobalSection
EndGlobal
